PODS:
  - AFNetworking (3.1.0):
    - AFNetworking/NSURLSession (= 3.1.0)
    - AFNetworking/Reachability (= 3.1.0)
    - AFNetworking/Security (= 3.1.0)
    - AFNetworking/Serialization (= 3.1.0)
    - AFNetworking/UIKit (= 3.1.0)
  - AFNetworking/NSURLSession (3.1.0):
    - AFNetworking/Reachability
    - AFNetworking/Security
    - AFNetworking/Serialization
  - AFNetworking/Reachability (3.1.0)
  - AFNetworking/Security (3.1.0)
  - AFNetworking/Serialization (3.1.0)
  - AFNetworking/UIKit (3.1.0):
    - AFNetworking/NSURLSession
  - CocoaSecurity (1.2.4)
  - DateTools (1.7.0)
  - Kiwi (2.4.0)
  - Masonry (1.0.1)
  - MJRefresh (3.1.12)
  - ReactiveCocoa (2.5):
    - ReactiveCocoa/UI (= 2.5)
  - ReactiveCocoa/Core (2.5):
    - ReactiveCocoa/no-arc
  - ReactiveCocoa/no-arc (2.5)
  - ReactiveCocoa/UI (2.5):
    - ReactiveCocoa/Core
  - ReactiveViewModel (0.3):
    - ReactiveCocoa (~> 2.4)
  - SDiPhoneVersion (1.1.2)
  - UICKeyChainStore (2.1.0)
  - YYModel (1.0.4)

DEPENDENCIES:
  - AFNetworking
  - CocoaSecurity
  - DateTools
  - Kiwi
  - Masonry
  - MJRefresh
  - ReactiveCocoa (= 2.5)
  - ReactiveViewModel
  - SDiPhoneVersion
  - UICKeyChainStore
  - YYModel

SPEC CHECKSUMS:
  AFNetworking: 5e0e199f73d8626b11e79750991f5d173d1f8b67
  CocoaSecurity: d288a6f87e0f363823d2cb83e753814a6944f71a
  DateTools: 53288ee8b905fdc75897a1e6b5cc0144b14cba60
  Kiwi: f49c9d54b28917df5928fe44968a39ed198cb8a8
  Masonry: a1a931a0d08870ed8ae415a2ea5ea68ebcac77df
  MJRefresh: b96cdb21c4aa75a7b07654311ab2f315c497e806
  ReactiveCocoa: e2db045570aa97c695e7aa97c2bcab222ae51f4a
  ReactiveViewModel: 58918dcbcec2d3151195ab1ed9163c57a8163999
  SDiPhoneVersion: c52245ccaab8142701e2e7fb8f0391ba3f255b76
  UICKeyChainStore: f1cbd42216a113f0165de1e733e62905b8823432
  YYModel: 2a7fdd96aaa4b86a824e26d0c517de8928c04b30

PODFILE CHECKSUM: 070cdf2672afe6118c8d4095b6e1723b5eff4ff2

COCOAPODS: 1.1.0.rc.2
