// !$*UTF8*$!
{
	archiveVersion = 1;
	classes = {
	};
	objectVersion = 46;
	objects = {

/* Begin PBXBuildFile section */
		6003F58E195388D20070C39A /* Foundation.framework in Frameworks */ = {isa = PBXBuildFile; fileRef = 6003F58D195388D20070C39A /* Foundation.framework */; };
		6003F590195388D20070C39A /* CoreGraphics.framework in Frameworks */ = {isa = PBXBuildFile; fileRef = 6003F58F195388D20070C39A /* CoreGraphics.framework */; };
		6003F592195388D20070C39A /* UIKit.framework in Frameworks */ = {isa = PBXBuildFile; fileRef = 6003F591195388D20070C39A /* UIKit.framework */; };
		6003F59A195388D20070C39A /* main.m in Sources */ = {isa = PBXBuildFile; fileRef = 6003F599195388D20070C39A /* main.m */; };
		6003F59E195388D20070C39A /* LPDAppDelegate.m in Sources */ = {isa = PBXBuildFile; fileRef = 6003F59D195388D20070C39A /* LPDAppDelegate.m */; };
		6003F5B0195388D20070C39A /* XCTest.framework in Frameworks */ = {isa = PBXBuildFile; fileRef = 6003F5AF195388D20070C39A /* XCTest.framework */; };
		6003F5B1195388D20070C39A /* Foundation.framework in Frameworks */ = {isa = PBXBuildFile; fileRef = 6003F58D195388D20070C39A /* Foundation.framework */; };
		6003F5B2195388D20070C39A /* UIKit.framework in Frameworks */ = {isa = PBXBuildFile; fileRef = 6003F591195388D20070C39A /* UIKit.framework */; };
		6003F5BA195388D20070C39A /* InfoPlist.strings in Resources */ = {isa = PBXBuildFile; fileRef = 6003F5B8195388D20070C39A /* InfoPlist.strings */; };
		6003F5BC195388D20070C39A /* Tests.m in Sources */ = {isa = PBXBuildFile; fileRef = 6003F5BB195388D20070C39A /* Tests.m */; };
		8B51C2359444BCD0FA3DF9B2 /* Pods_LPDMvvmKit_Example.framework in Frameworks */ = {isa = PBXBuildFile; fileRef = DDFC833C95EB3A2DA9E71547 /* Pods_LPDMvvmKit_Example.framework */; };
		8E0D967B1E6D6C4100300C02 /* LPDMvvmKit_ExampleUITests.m in Sources */ = {isa = PBXBuildFile; fileRef = 8E0D967A1E6D6C4100300C02 /* LPDMvvmKit_ExampleUITests.m */; };
		8E1A779B1E4825AC0005159C /* LPDViewController+LPDExam.m in Sources */ = {isa = PBXBuildFile; fileRef = 8E1A779A1E4825AC0005159C /* LPDViewController+LPDExam.m */; };
		8E1A779E1E48272D0005159C /* LPDScrollViewController+LPDExam.m in Sources */ = {isa = PBXBuildFile; fileRef = 8E1A779D1E48272D0005159C /* LPDScrollViewController+LPDExam.m */; };
		8E3F2EFF1DF157B8009E2496 /* LaunchScreen.storyboard in Resources */ = {isa = PBXBuildFile; fileRef = 8E3F2ECB1DF157B8009E2496 /* LaunchScreen.storyboard */; };
		8E3F2F001DF157B8009E2496 /* LPDPhotoModel.m in Sources */ = {isa = PBXBuildFile; fileRef = 8E3F2ECF1DF157B8009E2496 /* LPDPhotoModel.m */; };
		8E3F2F011DF157B8009E2496 /* LPDPostModel.m in Sources */ = {isa = PBXBuildFile; fileRef = 8E3F2ED11DF157B8009E2496 /* LPDPostModel.m */; };
		8E3F2F021DF157B8009E2496 /* LPDAppApiClient.m in Sources */ = {isa = PBXBuildFile; fileRef = 8E3F2ED41DF157B8009E2496 /* LPDAppApiClient.m */; };
		8E3F2F031DF157B8009E2496 /* LPDExamCollectionViewController.m in Sources */ = {isa = PBXBuildFile; fileRef = 8E3F2ED71DF157B8009E2496 /* LPDExamCollectionViewController.m */; };
		8E3F2F041DF157B8009E2496 /* LPDExamTableViewController.m in Sources */ = {isa = PBXBuildFile; fileRef = 8E3F2ED91DF157B8009E2496 /* LPDExamTableViewController.m */; };
		8E3F2F051DF157B8009E2496 /* LPDHomeViewController.m in Sources */ = {isa = PBXBuildFile; fileRef = 8E3F2EDB1DF157B8009E2496 /* LPDHomeViewController.m */; };
		8E3F2F071DF157B8009E2496 /* LPDReactViewController.m in Sources */ = {isa = PBXBuildFile; fileRef = 8E3F2EDF1DF157B8009E2496 /* LPDReactViewController.m */; };
		8E3F2F081DF157B8009E2496 /* LPDRootTabBarController.m in Sources */ = {isa = PBXBuildFile; fileRef = 8E3F2EE11DF157B8009E2496 /* LPDRootTabBarController.m */; };
		8E3F2F091DF157B8009E2496 /* LPDCollectionPhotoCellViewModel.m in Sources */ = {isa = PBXBuildFile; fileRef = 8E3F2EE41DF157B8009E2496 /* LPDCollectionPhotoCellViewModel.m */; };
		8E3F2F0A1DF157B8009E2496 /* LPDCustomCellModel.m in Sources */ = {isa = PBXBuildFile; fileRef = 8E3F2EE61DF157B8009E2496 /* LPDCustomCellModel.m */; };
		8E3F2F0C1DF157B8009E2496 /* LPDExamCollectionViewModel.m in Sources */ = {isa = PBXBuildFile; fileRef = 8E3F2EEA1DF157B8009E2496 /* LPDExamCollectionViewModel.m */; };
		8E3F2F0D1DF157B8009E2496 /* LPDExamTableViewModel.m in Sources */ = {isa = PBXBuildFile; fileRef = 8E3F2EEC1DF157B8009E2496 /* LPDExamTableViewModel.m */; };
		8E3F2F0E1DF157B8009E2496 /* LPDHomeViewModel.m in Sources */ = {isa = PBXBuildFile; fileRef = 8E3F2EEE1DF157B8009E2496 /* LPDHomeViewModel.m */; };
		8E3F2F101DF157B8009E2496 /* LPDReactViewModel.m in Sources */ = {isa = PBXBuildFile; fileRef = 8E3F2EF21DF157B8009E2496 /* LPDReactViewModel.m */; };
		8E3F2F111DF157B8009E2496 /* LPDRootTabBarViewModel.m in Sources */ = {isa = PBXBuildFile; fileRef = 8E3F2EF41DF157B8009E2496 /* LPDRootTabBarViewModel.m */; };
		8E3F2F121DF157B8009E2496 /* LPDTablePostCellViewModel.m in Sources */ = {isa = PBXBuildFile; fileRef = 8E3F2EF61DF157B8009E2496 /* LPDTablePostCellViewModel.m */; };
		8E3F2F131DF157B8009E2496 /* LPDCollectionViewPhotoCell.m in Sources */ = {isa = PBXBuildFile; fileRef = 8E3F2EF91DF157B8009E2496 /* LPDCollectionViewPhotoCell.m */; };
		8E3F2F141DF157B8009E2496 /* LPDTableViewPostCell.m in Sources */ = {isa = PBXBuildFile; fileRef = 8E3F2EFB1DF157B8009E2496 /* LPDTableViewPostCell.m */; };
		8E3F2F161DF157B8009E2496 /* Assets.xcassets in Resources */ = {isa = PBXBuildFile; fileRef = 8E3F2EFD1DF157B8009E2496 /* Assets.xcassets */; };
		8EF42CFC1E498FFC00D93ECA /* MJRefreshLPDHeader.m in Sources */ = {isa = PBXBuildFile; fileRef = 8EF42CFB1E498FFC00D93ECA /* MJRefreshLPDHeader.m */; };
		BF9DF002A9898212ED06DADF /* Pods_LPDMvvmKit_Tests.framework in Frameworks */ = {isa = PBXBuildFile; fileRef = 36915A153E4425F811245E4C /* Pods_LPDMvvmKit_Tests.framework */; };
/* End PBXBuildFile section */

/* Begin PBXContainerItemProxy section */
		6003F5B3195388D20070C39A /* PBXContainerItemProxy */ = {
			isa = PBXContainerItemProxy;
			containerPortal = 6003F582195388D10070C39A /* Project object */;
			proxyType = 1;
			remoteGlobalIDString = 6003F589195388D20070C39A;
			remoteInfo = LPDMvvmKit;
		};
		8E0D967D1E6D6C4100300C02 /* PBXContainerItemProxy */ = {
			isa = PBXContainerItemProxy;
			containerPortal = 6003F582195388D10070C39A /* Project object */;
			proxyType = 1;
			remoteGlobalIDString = 6003F589195388D20070C39A;
			remoteInfo = LPDMvvmKit_Example;
		};
/* End PBXContainerItemProxy section */

/* Begin PBXFileReference section */
		1AB04D1EF0AC41A8F6B23251 /* Pods-LPDMvvmKit_Example.debug.xcconfig */ = {isa = PBXFileReference; includeInIndex = 1; lastKnownFileType = text.xcconfig; name = "Pods-LPDMvvmKit_Example.debug.xcconfig"; path = "Pods/Target Support Files/Pods-LPDMvvmKit_Example/Pods-LPDMvvmKit_Example.debug.xcconfig"; sourceTree = "<group>"; };
		36915A153E4425F811245E4C /* Pods_LPDMvvmKit_Tests.framework */ = {isa = PBXFileReference; explicitFileType = wrapper.framework; includeInIndex = 0; path = Pods_LPDMvvmKit_Tests.framework; sourceTree = BUILT_PRODUCTS_DIR; };
		6003F58A195388D20070C39A /* LPDMvvmKit_Example.app */ = {isa = PBXFileReference; explicitFileType = wrapper.application; includeInIndex = 0; path = LPDMvvmKit_Example.app; sourceTree = BUILT_PRODUCTS_DIR; };
		6003F58D195388D20070C39A /* Foundation.framework */ = {isa = PBXFileReference; lastKnownFileType = wrapper.framework; name = Foundation.framework; path = System/Library/Frameworks/Foundation.framework; sourceTree = SDKROOT; };
		6003F58F195388D20070C39A /* CoreGraphics.framework */ = {isa = PBXFileReference; lastKnownFileType = wrapper.framework; name = CoreGraphics.framework; path = System/Library/Frameworks/CoreGraphics.framework; sourceTree = SDKROOT; };
		6003F591195388D20070C39A /* UIKit.framework */ = {isa = PBXFileReference; lastKnownFileType = wrapper.framework; name = UIKit.framework; path = System/Library/Frameworks/UIKit.framework; sourceTree = SDKROOT; };
		6003F595195388D20070C39A /* LPDMvvmKit-Info.plist */ = {isa = PBXFileReference; lastKnownFileType = text.plist.xml; path = "LPDMvvmKit-Info.plist"; sourceTree = "<group>"; };
		6003F599195388D20070C39A /* main.m */ = {isa = PBXFileReference; lastKnownFileType = sourcecode.c.objc; path = main.m; sourceTree = "<group>"; };
		6003F59B195388D20070C39A /* LPDMvvmKit-Prefix.pch */ = {isa = PBXFileReference; lastKnownFileType = sourcecode.c.h; path = "LPDMvvmKit-Prefix.pch"; sourceTree = "<group>"; };
		6003F59C195388D20070C39A /* LPDAppDelegate.h */ = {isa = PBXFileReference; lastKnownFileType = sourcecode.c.h; path = LPDAppDelegate.h; sourceTree = "<group>"; };
		6003F59D195388D20070C39A /* LPDAppDelegate.m */ = {isa = PBXFileReference; lastKnownFileType = sourcecode.c.objc; path = LPDAppDelegate.m; sourceTree = "<group>"; };
		6003F5AE195388D20070C39A /* LPDMvvmKit_Tests.xctest */ = {isa = PBXFileReference; explicitFileType = wrapper.cfbundle; includeInIndex = 0; path = LPDMvvmKit_Tests.xctest; sourceTree = BUILT_PRODUCTS_DIR; };
		6003F5AF195388D20070C39A /* XCTest.framework */ = {isa = PBXFileReference; lastKnownFileType = wrapper.framework; name = XCTest.framework; path = Library/Frameworks/XCTest.framework; sourceTree = DEVELOPER_DIR; };
		6003F5B7195388D20070C39A /* Tests-Info.plist */ = {isa = PBXFileReference; lastKnownFileType = text.plist.xml; path = "Tests-Info.plist"; sourceTree = "<group>"; };
		6003F5B9195388D20070C39A /* en */ = {isa = PBXFileReference; lastKnownFileType = text.plist.strings; name = en; path = en.lproj/InfoPlist.strings; sourceTree = "<group>"; };
		6003F5BB195388D20070C39A /* Tests.m */ = {isa = PBXFileReference; lastKnownFileType = sourcecode.c.objc; path = Tests.m; sourceTree = "<group>"; };
		606FC2411953D9B200FFA9A0 /* Tests-Prefix.pch */ = {isa = PBXFileReference; lastKnownFileType = sourcecode.c.h; path = "Tests-Prefix.pch"; sourceTree = "<group>"; };
		66120129850928AA3192EE58 /* Pods-LPDMvvmKit_Example.release.xcconfig */ = {isa = PBXFileReference; includeInIndex = 1; lastKnownFileType = text.xcconfig; name = "Pods-LPDMvvmKit_Example.release.xcconfig"; path = "Pods/Target Support Files/Pods-LPDMvvmKit_Example/Pods-LPDMvvmKit_Example.release.xcconfig"; sourceTree = "<group>"; };
		838E5FB0FAB1171F32DA7AB8 /* Pods-LPDMvvmKit_Tests.debug.xcconfig */ = {isa = PBXFileReference; includeInIndex = 1; lastKnownFileType = text.xcconfig; name = "Pods-LPDMvvmKit_Tests.debug.xcconfig"; path = "Pods/Target Support Files/Pods-LPDMvvmKit_Tests/Pods-LPDMvvmKit_Tests.debug.xcconfig"; sourceTree = "<group>"; };
		8E0D96781E6D6C4100300C02 /* LPDMvvmKit_ExampleUITests.xctest */ = {isa = PBXFileReference; explicitFileType = wrapper.cfbundle; includeInIndex = 0; path = LPDMvvmKit_ExampleUITests.xctest; sourceTree = BUILT_PRODUCTS_DIR; };
		8E0D967A1E6D6C4100300C02 /* LPDMvvmKit_ExampleUITests.m */ = {isa = PBXFileReference; lastKnownFileType = sourcecode.c.objc; path = LPDMvvmKit_ExampleUITests.m; sourceTree = "<group>"; };
		8E0D967C1E6D6C4100300C02 /* Info.plist */ = {isa = PBXFileReference; lastKnownFileType = text.plist.xml; path = Info.plist; sourceTree = "<group>"; };
		8E1A77991E4825AC0005159C /* LPDViewController+LPDExam.h */ = {isa = PBXFileReference; fileEncoding = 4; lastKnownFileType = sourcecode.c.h; path = "LPDViewController+LPDExam.h"; sourceTree = "<group>"; };
		8E1A779A1E4825AC0005159C /* LPDViewController+LPDExam.m */ = {isa = PBXFileReference; fileEncoding = 4; lastKnownFileType = sourcecode.c.objc; path = "LPDViewController+LPDExam.m"; sourceTree = "<group>"; };
		8E1A779C1E48272D0005159C /* LPDScrollViewController+LPDExam.h */ = {isa = PBXFileReference; fileEncoding = 4; lastKnownFileType = sourcecode.c.h; path = "LPDScrollViewController+LPDExam.h"; sourceTree = "<group>"; };
		8E1A779D1E48272D0005159C /* LPDScrollViewController+LPDExam.m */ = {isa = PBXFileReference; fileEncoding = 4; lastKnownFileType = sourcecode.c.objc; path = "LPDScrollViewController+LPDExam.m"; sourceTree = "<group>"; };
		8E3F2ECC1DF157B8009E2496 /* Base */ = {isa = PBXFileReference; lastKnownFileType = file.storyboard; name = Base; path = LaunchScreen.storyboard; sourceTree = "<group>"; };
		8E3F2ECE1DF157B8009E2496 /* LPDPhotoModel.h */ = {isa = PBXFileReference; fileEncoding = 4; lastKnownFileType = sourcecode.c.h; path = LPDPhotoModel.h; sourceTree = "<group>"; };
		8E3F2ECF1DF157B8009E2496 /* LPDPhotoModel.m */ = {isa = PBXFileReference; fileEncoding = 4; lastKnownFileType = sourcecode.c.objc; path = LPDPhotoModel.m; sourceTree = "<group>"; };
		8E3F2ED01DF157B8009E2496 /* LPDPostModel.h */ = {isa = PBXFileReference; fileEncoding = 4; lastKnownFileType = sourcecode.c.h; path = LPDPostModel.h; sourceTree = "<group>"; };
		8E3F2ED11DF157B8009E2496 /* LPDPostModel.m */ = {isa = PBXFileReference; fileEncoding = 4; lastKnownFileType = sourcecode.c.objc; path = LPDPostModel.m; sourceTree = "<group>"; };
		8E3F2ED31DF157B8009E2496 /* LPDAppApiClient.h */ = {isa = PBXFileReference; fileEncoding = 4; lastKnownFileType = sourcecode.c.h; path = LPDAppApiClient.h; sourceTree = "<group>"; };
		8E3F2ED41DF157B8009E2496 /* LPDAppApiClient.m */ = {isa = PBXFileReference; fileEncoding = 4; lastKnownFileType = sourcecode.c.objc; path = LPDAppApiClient.m; sourceTree = "<group>"; };
		8E3F2ED61DF157B8009E2496 /* LPDExamCollectionViewController.h */ = {isa = PBXFileReference; fileEncoding = 4; lastKnownFileType = sourcecode.c.h; path = LPDExamCollectionViewController.h; sourceTree = "<group>"; };
		8E3F2ED71DF157B8009E2496 /* LPDExamCollectionViewController.m */ = {isa = PBXFileReference; fileEncoding = 4; lastKnownFileType = sourcecode.c.objc; path = LPDExamCollectionViewController.m; sourceTree = "<group>"; };
		8E3F2ED81DF157B8009E2496 /* LPDExamTableViewController.h */ = {isa = PBXFileReference; fileEncoding = 4; lastKnownFileType = sourcecode.c.h; path = LPDExamTableViewController.h; sourceTree = "<group>"; };
		8E3F2ED91DF157B8009E2496 /* LPDExamTableViewController.m */ = {isa = PBXFileReference; fileEncoding = 4; lastKnownFileType = sourcecode.c.objc; path = LPDExamTableViewController.m; sourceTree = "<group>"; };
		8E3F2EDA1DF157B8009E2496 /* LPDHomeViewController.h */ = {isa = PBXFileReference; fileEncoding = 4; lastKnownFileType = sourcecode.c.h; path = LPDHomeViewController.h; sourceTree = "<group>"; };
		8E3F2EDB1DF157B8009E2496 /* LPDHomeViewController.m */ = {isa = PBXFileReference; fileEncoding = 4; lastKnownFileType = sourcecode.c.objc; path = LPDHomeViewController.m; sourceTree = "<group>"; };
		8E3F2EDE1DF157B8009E2496 /* LPDReactViewController.h */ = {isa = PBXFileReference; fileEncoding = 4; lastKnownFileType = sourcecode.c.h; path = LPDReactViewController.h; sourceTree = "<group>"; };
		8E3F2EDF1DF157B8009E2496 /* LPDReactViewController.m */ = {isa = PBXFileReference; fileEncoding = 4; lastKnownFileType = sourcecode.c.objc; path = LPDReactViewController.m; sourceTree = "<group>"; };
		8E3F2EE01DF157B8009E2496 /* LPDRootTabBarController.h */ = {isa = PBXFileReference; fileEncoding = 4; lastKnownFileType = sourcecode.c.h; path = LPDRootTabBarController.h; sourceTree = "<group>"; };
		8E3F2EE11DF157B8009E2496 /* LPDRootTabBarController.m */ = {isa = PBXFileReference; fileEncoding = 4; lastKnownFileType = sourcecode.c.objc; path = LPDRootTabBarController.m; sourceTree = "<group>"; };
		8E3F2EE31DF157B8009E2496 /* LPDCollectionPhotoCellViewModel.h */ = {isa = PBXFileReference; fileEncoding = 4; lastKnownFileType = sourcecode.c.h; path = LPDCollectionPhotoCellViewModel.h; sourceTree = "<group>"; };
		8E3F2EE41DF157B8009E2496 /* LPDCollectionPhotoCellViewModel.m */ = {isa = PBXFileReference; fileEncoding = 4; lastKnownFileType = sourcecode.c.objc; path = LPDCollectionPhotoCellViewModel.m; sourceTree = "<group>"; };
		8E3F2EE51DF157B8009E2496 /* LPDCustomCellModel.h */ = {isa = PBXFileReference; fileEncoding = 4; lastKnownFileType = sourcecode.c.h; path = LPDCustomCellModel.h; sourceTree = "<group>"; };
		8E3F2EE61DF157B8009E2496 /* LPDCustomCellModel.m */ = {isa = PBXFileReference; fileEncoding = 4; lastKnownFileType = sourcecode.c.objc; path = LPDCustomCellModel.m; sourceTree = "<group>"; };
		8E3F2EE91DF157B8009E2496 /* LPDExamCollectionViewModel.h */ = {isa = PBXFileReference; fileEncoding = 4; lastKnownFileType = sourcecode.c.h; path = LPDExamCollectionViewModel.h; sourceTree = "<group>"; };
		8E3F2EEA1DF157B8009E2496 /* LPDExamCollectionViewModel.m */ = {isa = PBXFileReference; fileEncoding = 4; lastKnownFileType = sourcecode.c.objc; path = LPDExamCollectionViewModel.m; sourceTree = "<group>"; };
		8E3F2EEB1DF157B8009E2496 /* LPDExamTableViewModel.h */ = {isa = PBXFileReference; fileEncoding = 4; lastKnownFileType = sourcecode.c.h; path = LPDExamTableViewModel.h; sourceTree = "<group>"; };
		8E3F2EEC1DF157B8009E2496 /* LPDExamTableViewModel.m */ = {isa = PBXFileReference; fileEncoding = 4; lastKnownFileType = sourcecode.c.objc; path = LPDExamTableViewModel.m; sourceTree = "<group>"; };
		8E3F2EED1DF157B8009E2496 /* LPDHomeViewModel.h */ = {isa = PBXFileReference; fileEncoding = 4; lastKnownFileType = sourcecode.c.h; path = LPDHomeViewModel.h; sourceTree = "<group>"; };
		8E3F2EEE1DF157B8009E2496 /* LPDHomeViewModel.m */ = {isa = PBXFileReference; fileEncoding = 4; lastKnownFileType = sourcecode.c.objc; path = LPDHomeViewModel.m; sourceTree = "<group>"; };
		8E3F2EF11DF157B8009E2496 /* LPDReactViewModel.h */ = {isa = PBXFileReference; fileEncoding = 4; lastKnownFileType = sourcecode.c.h; path = LPDReactViewModel.h; sourceTree = "<group>"; };
		8E3F2EF21DF157B8009E2496 /* LPDReactViewModel.m */ = {isa = PBXFileReference; fileEncoding = 4; lastKnownFileType = sourcecode.c.objc; path = LPDReactViewModel.m; sourceTree = "<group>"; };
		8E3F2EF31DF157B8009E2496 /* LPDRootTabBarViewModel.h */ = {isa = PBXFileReference; fileEncoding = 4; lastKnownFileType = sourcecode.c.h; path = LPDRootTabBarViewModel.h; sourceTree = "<group>"; };
		8E3F2EF41DF157B8009E2496 /* LPDRootTabBarViewModel.m */ = {isa = PBXFileReference; fileEncoding = 4; lastKnownFileType = sourcecode.c.objc; path = LPDRootTabBarViewModel.m; sourceTree = "<group>"; };
		8E3F2EF51DF157B8009E2496 /* LPDTablePostCellViewModel.h */ = {isa = PBXFileReference; fileEncoding = 4; lastKnownFileType = sourcecode.c.h; path = LPDTablePostCellViewModel.h; sourceTree = "<group>"; };
		8E3F2EF61DF157B8009E2496 /* LPDTablePostCellViewModel.m */ = {isa = PBXFileReference; fileEncoding = 4; lastKnownFileType = sourcecode.c.objc; path = LPDTablePostCellViewModel.m; sourceTree = "<group>"; };
		8E3F2EF81DF157B8009E2496 /* LPDCollectionViewPhotoCell.h */ = {isa = PBXFileReference; fileEncoding = 4; lastKnownFileType = sourcecode.c.h; path = LPDCollectionViewPhotoCell.h; sourceTree = "<group>"; };
		8E3F2EF91DF157B8009E2496 /* LPDCollectionViewPhotoCell.m */ = {isa = PBXFileReference; fileEncoding = 4; lastKnownFileType = sourcecode.c.objc; path = LPDCollectionViewPhotoCell.m; sourceTree = "<group>"; };
		8E3F2EFA1DF157B8009E2496 /* LPDTableViewPostCell.h */ = {isa = PBXFileReference; fileEncoding = 4; lastKnownFileType = sourcecode.c.h; path = LPDTableViewPostCell.h; sourceTree = "<group>"; };
		8E3F2EFB1DF157B8009E2496 /* LPDTableViewPostCell.m */ = {isa = PBXFileReference; fileEncoding = 4; lastKnownFileType = sourcecode.c.objc; path = LPDTableViewPostCell.m; sourceTree = "<group>"; };
		8E3F2EFD1DF157B8009E2496 /* Assets.xcassets */ = {isa = PBXFileReference; lastKnownFileType = folder.assetcatalog; path = Assets.xcassets; sourceTree = "<group>"; };
		8EF42CFA1E498FFC00D93ECA /* MJRefreshLPDHeader.h */ = {isa = PBXFileReference; fileEncoding = 4; lastKnownFileType = sourcecode.c.h; path = MJRefreshLPDHeader.h; sourceTree = "<group>"; };
		8EF42CFB1E498FFC00D93ECA /* MJRefreshLPDHeader.m */ = {isa = PBXFileReference; fileEncoding = 4; lastKnownFileType = sourcecode.c.objc; path = MJRefreshLPDHeader.m; sourceTree = "<group>"; };
		A18EE99E9E63348E567F5B3C /* LICENSE */ = {isa = PBXFileReference; includeInIndex = 1; lastKnownFileType = text; name = LICENSE; path = ../LICENSE; sourceTree = "<group>"; };
		BF2815B54ED6602726CDD3C3 /* Pods-LPDMvvmKit_Tests.release.xcconfig */ = {isa = PBXFileReference; includeInIndex = 1; lastKnownFileType = text.xcconfig; name = "Pods-LPDMvvmKit_Tests.release.xcconfig"; path = "Pods/Target Support Files/Pods-LPDMvvmKit_Tests/Pods-LPDMvvmKit_Tests.release.xcconfig"; sourceTree = "<group>"; };
		D8B5F756498F34597345B31E /* LPDMvvmKit.podspec */ = {isa = PBXFileReference; includeInIndex = 1; lastKnownFileType = text; name = LPDMvvmKit.podspec; path = ../LPDMvvmKit.podspec; sourceTree = "<group>"; };
		DDFC833C95EB3A2DA9E71547 /* Pods_LPDMvvmKit_Example.framework */ = {isa = PBXFileReference; explicitFileType = wrapper.framework; includeInIndex = 0; path = Pods_LPDMvvmKit_Example.framework; sourceTree = BUILT_PRODUCTS_DIR; };
		EA856AF32B6C118732085F05 /* README.md */ = {isa = PBXFileReference; includeInIndex = 1; lastKnownFileType = net.daringfireball.markdown; name = README.md; path = ../README.md; sourceTree = "<group>"; };
/* End PBXFileReference section */

/* Begin PBXFrameworksBuildPhase section */
		6003F587195388D20070C39A /* Frameworks */ = {
			isa = PBXFrameworksBuildPhase;
			buildActionMask = 2147483647;
			files = (
				6003F590195388D20070C39A /* CoreGraphics.framework in Frameworks */,
				6003F592195388D20070C39A /* UIKit.framework in Frameworks */,
				6003F58E195388D20070C39A /* Foundation.framework in Frameworks */,
				8B51C2359444BCD0FA3DF9B2 /* Pods_LPDMvvmKit_Example.framework in Frameworks */,
			);
			runOnlyForDeploymentPostprocessing = 0;
		};
		6003F5AB195388D20070C39A /* Frameworks */ = {
			isa = PBXFrameworksBuildPhase;
			buildActionMask = 2147483647;
			files = (
				6003F5B0195388D20070C39A /* XCTest.framework in Frameworks */,
				6003F5B2195388D20070C39A /* UIKit.framework in Frameworks */,
				6003F5B1195388D20070C39A /* Foundation.framework in Frameworks */,
				BF9DF002A9898212ED06DADF /* Pods_LPDMvvmKit_Tests.framework in Frameworks */,
			);
			runOnlyForDeploymentPostprocessing = 0;
		};
		8E0D96751E6D6C4100300C02 /* Frameworks */ = {
			isa = PBXFrameworksBuildPhase;
			buildActionMask = 2147483647;
			files = (
			);
			runOnlyForDeploymentPostprocessing = 0;
		};
/* End PBXFrameworksBuildPhase section */

/* Begin PBXGroup section */
		1C2A57C50F9CED3BF447B12A /* Pods */ = {
			isa = PBXGroup;
			children = (
				1AB04D1EF0AC41A8F6B23251 /* Pods-LPDMvvmKit_Example.debug.xcconfig */,
				66120129850928AA3192EE58 /* Pods-LPDMvvmKit_Example.release.xcconfig */,
				838E5FB0FAB1171F32DA7AB8 /* Pods-LPDMvvmKit_Tests.debug.xcconfig */,
				BF2815B54ED6602726CDD3C3 /* Pods-LPDMvvmKit_Tests.release.xcconfig */,
			);
			name = Pods;
			sourceTree = "<group>";
		};
		6003F581195388D10070C39A = {
			isa = PBXGroup;
			children = (
				60FF7A9C1954A5C5007DD14C /* Podspec Metadata */,
				6003F593195388D20070C39A /* Example */,
				6003F5B5195388D20070C39A /* Tests */,
				8E0D96791E6D6C4100300C02 /* ExampleUITests */,
				6003F58C195388D20070C39A /* Frameworks */,
				6003F58B195388D20070C39A /* Products */,
				1C2A57C50F9CED3BF447B12A /* Pods */,
			);
			sourceTree = "<group>";
		};
		6003F58B195388D20070C39A /* Products */ = {
			isa = PBXGroup;
			children = (
				6003F58A195388D20070C39A /* LPDMvvmKit_Example.app */,
				6003F5AE195388D20070C39A /* LPDMvvmKit_Tests.xctest */,
				8E0D96781E6D6C4100300C02 /* LPDMvvmKit_ExampleUITests.xctest */,
			);
			name = Products;
			sourceTree = "<group>";
		};
		6003F58C195388D20070C39A /* Frameworks */ = {
			isa = PBXGroup;
			children = (
				6003F58D195388D20070C39A /* Foundation.framework */,
				6003F58F195388D20070C39A /* CoreGraphics.framework */,
				6003F591195388D20070C39A /* UIKit.framework */,
				6003F5AF195388D20070C39A /* XCTest.framework */,
				DDFC833C95EB3A2DA9E71547 /* Pods_LPDMvvmKit_Example.framework */,
				36915A153E4425F811245E4C /* Pods_LPDMvvmKit_Tests.framework */,
			);
			name = Frameworks;
			sourceTree = "<group>";
		};
		6003F593195388D20070C39A /* Example */ = {
			isa = PBXGroup;
			children = (
				8E3F2ECA1DF157B8009E2496 /* Base.lproj */,
				8E3F2ECD1DF157B8009E2496 /* Models */,
				8E3F2ED21DF157B8009E2496 /* Services */,
				8E3F2ED51DF157B8009E2496 /* ViewControllers */,
				8E3F2EE21DF157B8009E2496 /* ViewModels */,
				8E3F2EF71DF157B8009E2496 /* Views */,
				8E3F2EFD1DF157B8009E2496 /* Assets.xcassets */,
				6003F59C195388D20070C39A /* LPDAppDelegate.h */,
				6003F59D195388D20070C39A /* LPDAppDelegate.m */,
				6003F594195388D20070C39A /* Supporting Files */,
			);
			name = Example;
			path = LPDMvvmKit;
			sourceTree = "<group>";
		};
		6003F594195388D20070C39A /* Supporting Files */ = {
			isa = PBXGroup;
			children = (
				6003F595195388D20070C39A /* LPDMvvmKit-Info.plist */,
				6003F599195388D20070C39A /* main.m */,
				6003F59B195388D20070C39A /* LPDMvvmKit-Prefix.pch */,
			);
			name = "Supporting Files";
			sourceTree = "<group>";
		};
		6003F5B5195388D20070C39A /* Tests */ = {
			isa = PBXGroup;
			children = (
				6003F5BB195388D20070C39A /* Tests.m */,
				6003F5B6195388D20070C39A /* Supporting Files */,
			);
			path = Tests;
			sourceTree = "<group>";
		};
		6003F5B6195388D20070C39A /* Supporting Files */ = {
			isa = PBXGroup;
			children = (
				6003F5B7195388D20070C39A /* Tests-Info.plist */,
				6003F5B8195388D20070C39A /* InfoPlist.strings */,
				606FC2411953D9B200FFA9A0 /* Tests-Prefix.pch */,
			);
			name = "Supporting Files";
			sourceTree = "<group>";
		};
		60FF7A9C1954A5C5007DD14C /* Podspec Metadata */ = {
			isa = PBXGroup;
			children = (
				D8B5F756498F34597345B31E /* LPDMvvmKit.podspec */,
				EA856AF32B6C118732085F05 /* README.md */,
				A18EE99E9E63348E567F5B3C /* LICENSE */,
			);
			name = "Podspec Metadata";
			sourceTree = "<group>";
		};
		8E0D96791E6D6C4100300C02 /* ExampleUITests */ = {
			isa = PBXGroup;
			children = (
				8E0D967A1E6D6C4100300C02 /* LPDMvvmKit_ExampleUITests.m */,
				8E0D967C1E6D6C4100300C02 /* Info.plist */,
			);
			name = ExampleUITests;
			path = LPDMvvmKit_ExampleUITests;
			sourceTree = "<group>";
		};
		8E3F2ECA1DF157B8009E2496 /* Base.lproj */ = {
			isa = PBXGroup;
			children = (
				8E3F2ECB1DF157B8009E2496 /* LaunchScreen.storyboard */,
			);
			path = Base.lproj;
			sourceTree = "<group>";
		};
		8E3F2ECD1DF157B8009E2496 /* Models */ = {
			isa = PBXGroup;
			children = (
				8E3F2ECE1DF157B8009E2496 /* LPDPhotoModel.h */,
				8E3F2ECF1DF157B8009E2496 /* LPDPhotoModel.m */,
				8E3F2ED01DF157B8009E2496 /* LPDPostModel.h */,
				8E3F2ED11DF157B8009E2496 /* LPDPostModel.m */,
			);
			path = Models;
			sourceTree = "<group>";
		};
		8E3F2ED21DF157B8009E2496 /* Services */ = {
			isa = PBXGroup;
			children = (
				8E3F2ED31DF157B8009E2496 /* LPDAppApiClient.h */,
				8E3F2ED41DF157B8009E2496 /* LPDAppApiClient.m */,
			);
			path = Services;
			sourceTree = "<group>";
		};
		8E3F2ED51DF157B8009E2496 /* ViewControllers */ = {
			isa = PBXGroup;
			children = (
				8E3F2EE01DF157B8009E2496 /* LPDRootTabBarController.h */,
				8E3F2EE11DF157B8009E2496 /* LPDRootTabBarController.m */,
				8E3F2EDA1DF157B8009E2496 /* LPDHomeViewController.h */,
				8E3F2EDB1DF157B8009E2496 /* LPDHomeViewController.m */,
				8E3F2ED81DF157B8009E2496 /* LPDExamTableViewController.h */,
				8E3F2ED91DF157B8009E2496 /* LPDExamTableViewController.m */,
				8E3F2ED61DF157B8009E2496 /* LPDExamCollectionViewController.h */,
				8E3F2ED71DF157B8009E2496 /* LPDExamCollectionViewController.m */,
				8E3F2EDE1DF157B8009E2496 /* LPDReactViewController.h */,
				8E3F2EDF1DF157B8009E2496 /* LPDReactViewController.m */,
				8E1A77991E4825AC0005159C /* LPDViewController+LPDExam.h */,
				8E1A779A1E4825AC0005159C /* LPDViewController+LPDExam.m */,
				8E1A779C1E48272D0005159C /* LPDScrollViewController+LPDExam.h */,
				8E1A779D1E48272D0005159C /* LPDScrollViewController+LPDExam.m */,
			);
			path = ViewControllers;
			sourceTree = "<group>";
		};
		8E3F2EE21DF157B8009E2496 /* ViewModels */ = {
			isa = PBXGroup;
			children = (
				8EE10F0D1E0408DE00702463 /* CellViewModels */,
				8E3F2EED1DF157B8009E2496 /* LPDHomeViewModel.h */,
				8E3F2EEE1DF157B8009E2496 /* LPDHomeViewModel.m */,
				8E3F2EEB1DF157B8009E2496 /* LPDExamTableViewModel.h */,
				8E3F2EEC1DF157B8009E2496 /* LPDExamTableViewModel.m */,
				8E3F2EE91DF157B8009E2496 /* LPDExamCollectionViewModel.h */,
				8E3F2EEA1DF157B8009E2496 /* LPDExamCollectionViewModel.m */,
				8E3F2EF11DF157B8009E2496 /* LPDReactViewModel.h */,
				8E3F2EF21DF157B8009E2496 /* LPDReactViewModel.m */,
				8E3F2EF31DF157B8009E2496 /* LPDRootTabBarViewModel.h */,
				8E3F2EF41DF157B8009E2496 /* LPDRootTabBarViewModel.m */,
			);
			path = ViewModels;
			sourceTree = "<group>";
		};
		8E3F2EF71DF157B8009E2496 /* Views */ = {
			isa = PBXGroup;
			children = (
				8EF42CFA1E498FFC00D93ECA /* MJRefreshLPDHeader.h */,
				8EF42CFB1E498FFC00D93ECA /* MJRefreshLPDHeader.m */,
				8E3F2EF81DF157B8009E2496 /* LPDCollectionViewPhotoCell.h */,
				8E3F2EF91DF157B8009E2496 /* LPDCollectionViewPhotoCell.m */,
				8E3F2EFA1DF157B8009E2496 /* LPDTableViewPostCell.h */,
				8E3F2EFB1DF157B8009E2496 /* LPDTableViewPostCell.m */,
			);
			path = Views;
			sourceTree = "<group>";
		};
		8EE10F0D1E0408DE00702463 /* CellViewModels */ = {
			isa = PBXGroup;
			children = (
				8E3F2EF51DF157B8009E2496 /* LPDTablePostCellViewModel.h */,
				8E3F2EF61DF157B8009E2496 /* LPDTablePostCellViewModel.m */,
				8E3F2EE31DF157B8009E2496 /* LPDCollectionPhotoCellViewModel.h */,
				8E3F2EE41DF157B8009E2496 /* LPDCollectionPhotoCellViewModel.m */,
				8E3F2EE51DF157B8009E2496 /* LPDCustomCellModel.h */,
				8E3F2EE61DF157B8009E2496 /* LPDCustomCellModel.m */,
			);
			name = CellViewModels;
			sourceTree = "<group>";
		};
/* End PBXGroup section */

/* Begin PBXNativeTarget section */
		6003F589195388D20070C39A /* LPDMvvmKit_Example */ = {
			isa = PBXNativeTarget;
			buildConfigurationList = 6003F5BF195388D20070C39A /* Build configuration list for PBXNativeTarget "LPDMvvmKit_Example" */;
			buildPhases = (
				6891A3EA924039EC97AD3A52 /* [CP] Check Pods Manifest.lock */,
				6003F586195388D20070C39A /* Sources */,
				6003F587195388D20070C39A /* Frameworks */,
				6003F588195388D20070C39A /* Resources */,
				752FE80D17505FCF221AC55D /* [CP] Embed Pods Frameworks */,
				E98DE4ECD316DC7F515D693F /* [CP] Copy Pods Resources */,
			);
			buildRules = (
			);
			dependencies = (
			);
			name = LPDMvvmKit_Example;
			productName = LPDMvvmKit;
			productReference = 6003F58A195388D20070C39A /* LPDMvvmKit_Example.app */;
			productType = "com.apple.product-type.application";
		};
		6003F5AD195388D20070C39A /* LPDMvvmKit_Tests */ = {
			isa = PBXNativeTarget;
			buildConfigurationList = 6003F5C2195388D20070C39A /* Build configuration list for PBXNativeTarget "LPDMvvmKit_Tests" */;
			buildPhases = (
				ACC20077CF2503C59AA41CA1 /* [CP] Check Pods Manifest.lock */,
				6003F5AA195388D20070C39A /* Sources */,
				6003F5AB195388D20070C39A /* Frameworks */,
				6003F5AC195388D20070C39A /* Resources */,
				767420AFF7CE1241E7981F88 /* [CP] Embed Pods Frameworks */,
				3F46D21C98933ABCB9A927B4 /* [CP] Copy Pods Resources */,
			);
			buildRules = (
			);
			dependencies = (
				6003F5B4195388D20070C39A /* PBXTargetDependency */,
			);
			name = LPDMvvmKit_Tests;
			productName = LPDMvvmKitTests;
			productReference = 6003F5AE195388D20070C39A /* LPDMvvmKit_Tests.xctest */;
			productType = "com.apple.product-type.bundle.unit-test";
		};
		8E0D96771E6D6C4100300C02 /* LPDMvvmKit_ExampleUITests */ = {
			isa = PBXNativeTarget;
			buildConfigurationList = 8E0D96811E6D6C4100300C02 /* Build configuration list for PBXNativeTarget "LPDMvvmKit_ExampleUITests" */;
			buildPhases = (
				8E0D96741E6D6C4100300C02 /* Sources */,
				8E0D96751E6D6C4100300C02 /* Frameworks */,
				8E0D96761E6D6C4100300C02 /* Resources */,
			);
			buildRules = (
			);
			dependencies = (
				8E0D967E1E6D6C4100300C02 /* PBXTargetDependency */,
			);
			name = LPDMvvmKit_ExampleUITests;
			productName = LPDMvvmKit_ExampleUITests;
			productReference = 8E0D96781E6D6C4100300C02 /* LPDMvvmKit_ExampleUITests.xctest */;
			productType = "com.apple.product-type.bundle.ui-testing";
		};
/* End PBXNativeTarget section */

/* Begin PBXProject section */
		6003F582195388D10070C39A /* Project object */ = {
			isa = PBXProject;
			attributes = {
				CLASSPREFIX = LPD;
				LastUpgradeCheck = 0810;
				ORGANIZATIONNAME = foxsofter;
				TargetAttributes = {
					6003F5AD195388D20070C39A = {
						TestTargetID = 6003F589195388D20070C39A;
					};
					8E0D96771E6D6C4100300C02 = {
						CreatedOnToolsVersion = 8.2.1;
						ProvisioningStyle = Automatic;
						TestTargetID = 6003F589195388D20070C39A;
					};
				};
			};
			buildConfigurationList = 6003F585195388D10070C39A /* Build configuration list for PBXProject "LPDMvvmKit" */;
			compatibilityVersion = "Xcode 3.2";
			developmentRegion = English;
			hasScannedForEncodings = 0;
			knownRegions = (
				en,
				Base,
			);
			mainGroup = 6003F581195388D10070C39A;
			productRefGroup = 6003F58B195388D20070C39A /* Products */;
			projectDirPath = "";
			projectRoot = "";
			targets = (
				6003F589195388D20070C39A /* LPDMvvmKit_Example */,
				6003F5AD195388D20070C39A /* LPDMvvmKit_Tests */,
				8E0D96771E6D6C4100300C02 /* LPDMvvmKit_ExampleUITests */,
			);
		};
/* End PBXProject section */

/* Begin PBXResourcesBuildPhase section */
		6003F588195388D20070C39A /* Resources */ = {
			isa = PBXResourcesBuildPhase;
			buildActionMask = 2147483647;
			files = (
				8E3F2EFF1DF157B8009E2496 /* LaunchScreen.storyboard in Resources */,
				8E3F2F161DF157B8009E2496 /* Assets.xcassets in Resources */,
			);
			runOnlyForDeploymentPostprocessing = 0;
		};
		6003F5AC195388D20070C39A /* Resources */ = {
			isa = PBXResourcesBuildPhase;
			buildActionMask = 2147483647;
			files = (
				6003F5BA195388D20070C39A /* InfoPlist.strings in Resources */,
			);
			runOnlyForDeploymentPostprocessing = 0;
		};
		8E0D96761E6D6C4100300C02 /* Resources */ = {
			isa = PBXResourcesBuildPhase;
			buildActionMask = 2147483647;
			files = (
			);
			runOnlyForDeploymentPostprocessing = 0;
		};
/* End PBXResourcesBuildPhase section */

/* Begin PBXShellScriptBuildPhase section */
		3F46D21C98933ABCB9A927B4 /* [CP] Copy Pods Resources */ = {
			isa = PBXShellScriptBuildPhase;
			buildActionMask = 2147483647;
			files = (
			);
			inputPaths = (
			);
			name = "[CP] Copy Pods Resources";
			outputPaths = (
			);
			runOnlyForDeploymentPostprocessing = 0;
			shellPath = /bin/sh;
			shellScript = "\"${SRCROOT}/Pods/Target Support Files/Pods-LPDMvvmKit_Tests/Pods-LPDMvvmKit_Tests-resources.sh\"\n";
			showEnvVarsInLog = 0;
		};
		6891A3EA924039EC97AD3A52 /* [CP] Check Pods Manifest.lock */ = {
			isa = PBXShellScriptBuildPhase;
			buildActionMask = 2147483647;
			files = (
			);
			inputPaths = (
			);
			name = "[CP] Check Pods Manifest.lock";
			outputPaths = (
			);
			runOnlyForDeploymentPostprocessing = 0;
			shellPath = /bin/sh;
			shellScript = "diff \"${PODS_PODFILE_DIR_PATH}/Podfile.lock\" \"${PODS_ROOT}/Manifest.lock\" > /dev/null\nif [ $? != 0 ] ; then\n    # print error to STDERR\n    echo \"error: The sandbox is not in sync with the Podfile.lock. Run 'pod install' or update your CocoaPods installation.\" >&2\n    exit 1\nfi\n";
			showEnvVarsInLog = 0;
		};
		752FE80D17505FCF221AC55D /* [CP] Embed Pods Frameworks */ = {
			isa = PBXShellScriptBuildPhase;
			buildActionMask = 2147483647;
			files = (
			);
			inputPaths = (
			);
			name = "[CP] Embed Pods Frameworks";
			outputPaths = (
			);
			runOnlyForDeploymentPostprocessing = 0;
			shellPath = /bin/sh;
			shellScript = "\"${SRCROOT}/Pods/Target Support Files/Pods-LPDMvvmKit_Example/Pods-LPDMvvmKit_Example-frameworks.sh\"\n";
			showEnvVarsInLog = 0;
		};
		767420AFF7CE1241E7981F88 /* [CP] Embed Pods Frameworks */ = {
			isa = PBXShellScriptBuildPhase;
			buildActionMask = 2147483647;
			files = (
			);
			inputPaths = (
			);
			name = "[CP] Embed Pods Frameworks";
			outputPaths = (
			);
			runOnlyForDeploymentPostprocessing = 0;
			shellPath = /bin/sh;
			shellScript = "\"${SRCROOT}/Pods/Target Support Files/Pods-LPDMvvmKit_Tests/Pods-LPDMvvmKit_Tests-frameworks.sh\"\n";
			showEnvVarsInLog = 0;
		};
		ACC20077CF2503C59AA41CA1 /* [CP] Check Pods Manifest.lock */ = {
			isa = PBXShellScriptBuildPhase;
			buildActionMask = 2147483647;
			files = (
			);
			inputPaths = (
			);
			name = "[CP] Check Pods Manifest.lock";
			outputPaths = (
			);
			runOnlyForDeploymentPostprocessing = 0;
			shellPath = /bin/sh;
			shellScript = "diff \"${PODS_PODFILE_DIR_PATH}/Podfile.lock\" \"${PODS_ROOT}/Manifest.lock\" > /dev/null\nif [ $? != 0 ] ; then\n    # print error to STDERR\n    echo \"error: The sandbox is not in sync with the Podfile.lock. Run 'pod install' or update your CocoaPods installation.\" >&2\n    exit 1\nfi\n";
			showEnvVarsInLog = 0;
		};
		E98DE4ECD316DC7F515D693F /* [CP] Copy Pods Resources */ = {
			isa = PBXShellScriptBuildPhase;
			buildActionMask = 2147483647;
			files = (
			);
			inputPaths = (
			);
			name = "[CP] Copy Pods Resources";
			outputPaths = (
			);
			runOnlyForDeploymentPostprocessing = 0;
			shellPath = /bin/sh;
			shellScript = "\"${SRCROOT}/Pods/Target Support Files/Pods-LPDMvvmKit_Example/Pods-LPDMvvmKit_Example-resources.sh\"\n";
			showEnvVarsInLog = 0;
		};
/* End PBXShellScriptBuildPhase section */

/* Begin PBXSourcesBuildPhase section */
		6003F586195388D20070C39A /* Sources */ = {
			isa = PBXSourcesBuildPhase;
			buildActionMask = 2147483647;
			files = (
				8E3F2F011DF157B8009E2496 /* LPDPostModel.m in Sources */,
				8E3F2F101DF157B8009E2496 /* LPDReactViewModel.m in Sources */,
				8E3F2F131DF157B8009E2496 /* LPDCollectionViewPhotoCell.m in Sources */,
				8E3F2F0E1DF157B8009E2496 /* LPDHomeViewModel.m in Sources */,
				8E3F2F0D1DF157B8009E2496 /* LPDExamTableViewModel.m in Sources */,
				8E3F2F0C1DF157B8009E2496 /* LPDExamCollectionViewModel.m in Sources */,
				8E3F2F071DF157B8009E2496 /* LPDReactViewController.m in Sources */,
				8E3F2F0A1DF157B8009E2496 /* LPDCustomCellModel.m in Sources */,
				8E3F2F001DF157B8009E2496 /* LPDPhotoModel.m in Sources */,
				8E3F2F051DF157B8009E2496 /* LPDHomeViewController.m in Sources */,
				8E3F2F041DF157B8009E2496 /* LPDExamTableViewController.m in Sources */,
				8E3F2F121DF157B8009E2496 /* LPDTablePostCellViewModel.m in Sources */,
				8E3F2F111DF157B8009E2496 /* LPDRootTabBarViewModel.m in Sources */,
				8E3F2F031DF157B8009E2496 /* LPDExamCollectionViewController.m in Sources */,
				8E3F2F141DF157B8009E2496 /* LPDTableViewPostCell.m in Sources */,
				8E3F2F021DF157B8009E2496 /* LPDAppApiClient.m in Sources */,
				8EF42CFC1E498FFC00D93ECA /* MJRefreshLPDHeader.m in Sources */,
				8E1A779E1E48272D0005159C /* LPDScrollViewController+LPDExam.m in Sources */,
				8E1A779B1E4825AC0005159C /* LPDViewController+LPDExam.m in Sources */,
				6003F59E195388D20070C39A /* LPDAppDelegate.m in Sources */,
				6003F59A195388D20070C39A /* main.m in Sources */,
				8E3F2F091DF157B8009E2496 /* LPDCollectionPhotoCellViewModel.m in Sources */,
				8E3F2F081DF157B8009E2496 /* LPDRootTabBarController.m in Sources */,
			);
			runOnlyForDeploymentPostprocessing = 0;
		};
		6003F5AA195388D20070C39A /* Sources */ = {
			isa = PBXSourcesBuildPhase;
			buildActionMask = 2147483647;
			files = (
				6003F5BC195388D20070C39A /* Tests.m in Sources */,
			);
			runOnlyForDeploymentPostprocessing = 0;
		};
		8E0D96741E6D6C4100300C02 /* Sources */ = {
			isa = PBXSourcesBuildPhase;
			buildActionMask = 2147483647;
			files = (
				8E0D967B1E6D6C4100300C02 /* LPDMvvmKit_ExampleUITests.m in Sources */,
			);
			runOnlyForDeploymentPostprocessing = 0;
		};
/* End PBXSourcesBuildPhase section */

/* Begin PBXTargetDependency section */
		6003F5B4195388D20070C39A /* PBXTargetDependency */ = {
			isa = PBXTargetDependency;
			target = 6003F589195388D20070C39A /* LPDMvvmKit_Example */;
			targetProxy = 6003F5B3195388D20070C39A /* PBXContainerItemProxy */;
		};
		8E0D967E1E6D6C4100300C02 /* PBXTargetDependency */ = {
			isa = PBXTargetDependency;
			target = 6003F589195388D20070C39A /* LPDMvvmKit_Example */;
			targetProxy = 8E0D967D1E6D6C4100300C02 /* PBXContainerItemProxy */;
		};
/* End PBXTargetDependency section */

/* Begin PBXVariantGroup section */
		6003F5B8195388D20070C39A /* InfoPlist.strings */ = {
			isa = PBXVariantGroup;
			children = (
				6003F5B9195388D20070C39A /* en */,
			);
			name = InfoPlist.strings;
			sourceTree = "<group>";
		};
		8E3F2ECB1DF157B8009E2496 /* LaunchScreen.storyboard */ = {
			isa = PBXVariantGroup;
			children = (
				8E3F2ECC1DF157B8009E2496 /* Base */,
			);
			name = LaunchScreen.storyboard;
			sourceTree = "<group>";
		};
/* End PBXVariantGroup section */

/* Begin XCBuildConfiguration section */
		6003F5BD195388D20070C39A /* Debug */ = {
			isa = XCBuildConfiguration;
			buildSettings = {
				ALWAYS_SEARCH_USER_PATHS = NO;
				CLANG_CXX_LANGUAGE_STANDARD = "gnu++0x";
				CLANG_CXX_LIBRARY = "libc++";
				CLANG_ENABLE_MODULES = YES;
				CLANG_ENABLE_OBJC_ARC = YES;
				CLANG_WARN_BOOL_CONVERSION = YES;
				CLANG_WARN_CONSTANT_CONVERSION = YES;
				CLANG_WARN_DIRECT_OBJC_ISA_USAGE = YES_ERROR;
				CLANG_WARN_EMPTY_BODY = YES;
				CLANG_WARN_ENUM_CONVERSION = YES;
				CLANG_WARN_INFINITE_RECURSION = YES;
				CLANG_WARN_INT_CONVERSION = YES;
				CLANG_WARN_OBJC_ROOT_CLASS = YES_ERROR;
				CLANG_WARN_SUSPICIOUS_MOVE = YES;
				CLANG_WARN_UNREACHABLE_CODE = YES;
				CLANG_WARN__DUPLICATE_METHOD_MATCH = YES;
				"CODE_SIGN_IDENTITY[sdk=iphoneos*]" = "iPhone Developer";
				COPY_PHASE_STRIP = NO;
				ENABLE_STRICT_OBJC_MSGSEND = YES;
				ENABLE_TESTABILITY = YES;
				GCC_C_LANGUAGE_STANDARD = gnu99;
				GCC_DYNAMIC_NO_PIC = NO;
				GCC_NO_COMMON_BLOCKS = YES;
				GCC_OPTIMIZATION_LEVEL = 0;
				GCC_PREPROCESSOR_DEFINITIONS = (
					"DEBUG=1",
					"$(inherited)",
				);
				GCC_SYMBOLS_PRIVATE_EXTERN = NO;
				GCC_WARN_64_TO_32_BIT_CONVERSION = YES;
				GCC_WARN_ABOUT_RETURN_TYPE = YES_ERROR;
				GCC_WARN_UNDECLARED_SELECTOR = YES;
				GCC_WARN_UNINITIALIZED_AUTOS = YES_AGGRESSIVE;
				GCC_WARN_UNUSED_FUNCTION = YES;
				GCC_WARN_UNUSED_VARIABLE = YES;
				IPHONEOS_DEPLOYMENT_TARGET = 8.3;
				ONLY_ACTIVE_ARCH = YES;
				SDKROOT = iphoneos;
				TARGETED_DEVICE_FAMILY = "1,2";
			};
			name = Debug;
		};
		6003F5BE195388D20070C39A /* Release */ = {
			isa = XCBuildConfiguration;
			buildSettings = {
				ALWAYS_SEARCH_USER_PATHS = NO;
				CLANG_CXX_LANGUAGE_STANDARD = "gnu++0x";
				CLANG_CXX_LIBRARY = "libc++";
				CLANG_ENABLE_MODULES = YES;
				CLANG_ENABLE_OBJC_ARC = YES;
				CLANG_WARN_BOOL_CONVERSION = YES;
				CLANG_WARN_CONSTANT_CONVERSION = YES;
				CLANG_WARN_DIRECT_OBJC_ISA_USAGE = YES_ERROR;
				CLANG_WARN_EMPTY_BODY = YES;
				CLANG_WARN_ENUM_CONVERSION = YES;
				CLANG_WARN_INFINITE_RECURSION = YES;
				CLANG_WARN_INT_CONVERSION = YES;
				CLANG_WARN_OBJC_ROOT_CLASS = YES_ERROR;
				CLANG_WARN_SUSPICIOUS_MOVE = YES;
				CLANG_WARN_UNREACHABLE_CODE = YES;
				CLANG_WARN__DUPLICATE_METHOD_MATCH = YES;
				"CODE_SIGN_IDENTITY[sdk=iphoneos*]" = "iPhone Developer";
				COPY_PHASE_STRIP = YES;
				ENABLE_NS_ASSERTIONS = NO;
				ENABLE_STRICT_OBJC_MSGSEND = YES;
				GCC_C_LANGUAGE_STANDARD = gnu99;
				GCC_NO_COMMON_BLOCKS = YES;
				GCC_WARN_64_TO_32_BIT_CONVERSION = YES;
				GCC_WARN_ABOUT_RETURN_TYPE = YES_ERROR;
				GCC_WARN_UNDECLARED_SELECTOR = YES;
				GCC_WARN_UNINITIALIZED_AUTOS = YES_AGGRESSIVE;
				GCC_WARN_UNUSED_FUNCTION = YES;
				GCC_WARN_UNUSED_VARIABLE = YES;
				IPHONEOS_DEPLOYMENT_TARGET = 8.3;
				SDKROOT = iphoneos;
				TARGETED_DEVICE_FAMILY = "1,2";
				VALIDATE_PRODUCT = YES;
			};
			name = Release;
		};
		6003F5C0195388D20070C39A /* Debug */ = {
			isa = XCBuildConfiguration;
			baseConfigurationReference = 1AB04D1EF0AC41A8F6B23251 /* Pods-LPDMvvmKit_Example.debug.xcconfig */;
			buildSettings = {
				ASSETCATALOG_COMPILER_APPICON_NAME = AppIcon;
				DEVELOPMENT_TEAM = "";
				GCC_PRECOMPILE_PREFIX_HEADER = YES;
				GCC_PREFIX_HEADER = "LPDMvvmKit/LPDMvvmKit-Prefix.pch";
				INFOPLIST_FILE = "LPDMvvmKit/LPDMvvmKit-Info.plist";
				IPHONEOS_DEPLOYMENT_TARGET = 8.0;
				MODULE_NAME = ExampleApp;
				PRODUCT_BUNDLE_IDENTIFIER = "org.cocoapods.demo.${PRODUCT_NAME:rfc1034identifier}";
				PRODUCT_NAME = "$(TARGET_NAME)";
				WRAPPER_EXTENSION = app;
			};
			name = Debug;
		};
		6003F5C1195388D20070C39A /* Release */ = {
			isa = XCBuildConfiguration;
			baseConfigurationReference = 66120129850928AA3192EE58 /* Pods-LPDMvvmKit_Example.release.xcconfig */;
			buildSettings = {
				ASSETCATALOG_COMPILER_APPICON_NAME = AppIcon;
				DEVELOPMENT_TEAM = "";
				GCC_PRECOMPILE_PREFIX_HEADER = YES;
				GCC_PREFIX_HEADER = "LPDMvvmKit/LPDMvvmKit-Prefix.pch";
				INFOPLIST_FILE = "LPDMvvmKit/LPDMvvmKit-Info.plist";
				IPHONEOS_DEPLOYMENT_TARGET = 8.0;
				MODULE_NAME = ExampleApp;
				PRODUCT_BUNDLE_IDENTIFIER = "org.cocoapods.demo.${PRODUCT_NAME:rfc1034identifier}";
				PRODUCT_NAME = "$(TARGET_NAME)";
				WRAPPER_EXTENSION = app;
			};
			name = Release;
		};
		6003F5C3195388D20070C39A /* Debug */ = {
			isa = XCBuildConfiguration;
			baseConfigurationReference = 838E5FB0FAB1171F32DA7AB8 /* Pods-LPDMvvmKit_Tests.debug.xcconfig */;
			buildSettings = {
				BUNDLE_LOADER = "$(TEST_HOST)";
				FRAMEWORK_SEARCH_PATHS = (
					"$(SDKROOT)/Developer/Library/Frameworks",
					"$(inherited)",
					"$(DEVELOPER_FRAMEWORKS_DIR)",
				);
				GCC_PRECOMPILE_PREFIX_HEADER = YES;
				GCC_PREFIX_HEADER = "Tests/Tests-Prefix.pch";
				GCC_PREPROCESSOR_DEFINITIONS = (
					"DEBUG=1",
					"$(inherited)",
				);
				INFOPLIST_FILE = "Tests/Tests-Info.plist";
				PRODUCT_BUNDLE_IDENTIFIER = "org.cocoapods.demo.${PRODUCT_NAME:rfc1034identifier}";
				PRODUCT_NAME = "$(TARGET_NAME)";
				TEST_HOST = "$(BUILT_PRODUCTS_DIR)/LPDMvvmKit_Example.app/LPDMvvmKit_Example";
				WRAPPER_EXTENSION = xctest;
			};
			name = Debug;
		};
		6003F5C4195388D20070C39A /* Release */ = {
			isa = XCBuildConfiguration;
			baseConfigurationReference = BF2815B54ED6602726CDD3C3 /* Pods-LPDMvvmKit_Tests.release.xcconfig */;
			buildSettings = {
				BUNDLE_LOADER = "$(TEST_HOST)";
				FRAMEWORK_SEARCH_PATHS = (
					"$(SDKROOT)/Developer/Library/Frameworks",
					"$(inherited)",
					"$(DEVELOPER_FRAMEWORKS_DIR)",
				);
				GCC_PRECOMPILE_PREFIX_HEADER = YES;
				GCC_PREFIX_HEADER = "Tests/Tests-Prefix.pch";
				INFOPLIST_FILE = "Tests/Tests-Info.plist";
				PRODUCT_BUNDLE_IDENTIFIER = "org.cocoapods.demo.${PRODUCT_NAME:rfc1034identifier}";
				PRODUCT_NAME = "$(TARGET_NAME)";
				TEST_HOST = "$(BUILT_PRODUCTS_DIR)/LPDMvvmKit_Example.app/LPDMvvmKit_Example";
				WRAPPER_EXTENSION = xctest;
			};
			name = Release;
		};
		8E0D967F1E6D6C4100300C02 /* Debug */ = {
			isa = XCBuildConfiguration;
			buildSettings = {
				CLANG_ANALYZER_NONNULL = YES;
				CLANG_WARN_DOCUMENTATION_COMMENTS = YES;
				DEBUG_INFORMATION_FORMAT = dwarf;
				DEVELOPMENT_TEAM = "";
				INFOPLIST_FILE = LPDMvvmKit_ExampleUITests/Info.plist;
				IPHONEOS_DEPLOYMENT_TARGET = 10.2;
				LD_RUNPATH_SEARCH_PATHS = "$(inherited) @executable_path/Frameworks @loader_path/Frameworks";
				MTL_ENABLE_DEBUG_INFO = YES;
				PRODUCT_BUNDLE_IDENTIFIER = "lpd.LPDMvvmKit-ExampleUITests";
				PRODUCT_NAME = "$(TARGET_NAME)";
				TEST_TARGET_NAME = LPDMvvmKit_Example;
			};
			name = Debug;
		};
		8E0D96801E6D6C4100300C02 /* Release */ = {
			isa = XCBuildConfiguration;
			buildSettings = {
				CLANG_ANALYZER_NONNULL = YES;
				CLANG_WARN_DOCUMENTATION_COMMENTS = YES;
				COPY_PHASE_STRIP = NO;
				DEBUG_INFORMATION_FORMAT = "dwarf-with-dsym";
				DEVELOPMENT_TEAM = "";
				INFOPLIST_FILE = LPDMvvmKit_ExampleUITests/Info.plist;
				IPHONEOS_DEPLOYMENT_TARGET = 10.2;
				LD_RUNPATH_SEARCH_PATHS = "$(inherited) @executable_path/Frameworks @loader_path/Frameworks";
				MTL_ENABLE_DEBUG_INFO = NO;
				PRODUCT_BUNDLE_IDENTIFIER = "lpd.LPDMvvmKit-ExampleUITests";
				PRODUCT_NAME = "$(TARGET_NAME)";
				TEST_TARGET_NAME = LPDMvvmKit_Example;
			};
			name = Release;
		};
/* End XCBuildConfiguration section */

/* Begin XCConfigurationList section */
		6003F585195388D10070C39A /* Build configuration list for PBXProject "LPDMvvmKit" */ = {
			isa = XCConfigurationList;
			buildConfigurations = (
				6003F5BD195388D20070C39A /* Debug */,
				6003F5BE195388D20070C39A /* Release */,
			);
			defaultConfigurationIsVisible = 0;
			defaultConfigurationName = Release;
		};
		6003F5BF195388D20070C39A /* Build configuration list for PBXNativeTarget "LPDMvvmKit_Example" */ = {
			isa = XCConfigurationList;
			buildConfigurations = (
				6003F5C0195388D20070C39A /* Debug */,
				6003F5C1195388D20070C39A /* Release */,
			);
			defaultConfigurationIsVisible = 0;
			defaultConfigurationName = Release;
		};
		6003F5C2195388D20070C39A /* Build configuration list for PBXNativeTarget "LPDMvvmKit_Tests" */ = {
			isa = XCConfigurationList;
			buildConfigurations = (
				6003F5C3195388D20070C39A /* Debug */,
				6003F5C4195388D20070C39A /* Release */,
			);
			defaultConfigurationIsVisible = 0;
			defaultConfigurationName = Release;
		};
		8E0D96811E6D6C4100300C02 /* Build configuration list for PBXNativeTarget "LPDMvvmKit_ExampleUITests" */ = {
			isa = XCConfigurationList;
			buildConfigurations = (
				8E0D967F1E6D6C4100300C02 /* Debug */,
				8E0D96801E6D6C4100300C02 /* Release */,
			);
			defaultConfigurationIsVisible = 0;
			defaultConfigurationName = Release;
		};
/* End XCConfigurationList section */
	};
	rootObject = 6003F582195388D10070C39A /* Project object */;
}
